
Microsoft Visual Studio Solution File, Format Version 12.00
# Visual Studio 15
VisualStudioVersion = 15.0.27428.2037
MinimumVisualStudioVersion = 10.0.40219.1
Project("{FAE04EC0-301F-11D3-BF4B-00C04F79EFBC}") = "Lab21", "Lab21\Lab21.csproj", "{C32DB561-6EF7-478F-B31C-5E6670A1D393}"
EndProject
Global
	GlobalSection(SolutionConfigurationPlatforms) = preSolution
		Debug|Any CPU = Debug|Any CPU
		Release|Any CPU = Release|Any CPU
	EndGlobalSection
	GlobalSection(ProjectConfigurationPlatforms) = postSolution
		{C32DB561-6EF7-478F-B31C-5E6670A1D393}.Debug|Any CPU.ActiveCfg = Debug|Any CPU
		{C32DB561-6EF7-478F-B31C-5E6670A1D393}.Debug|Any CPU.Build.0 = Debug|Any CPU
		{C32DB561-6EF7-478F-B31C-5E6670A1D393}.Release|Any CPU.ActiveCfg = Release|Any CPU
		{C32DB561-6EF7-478F-B31C-5E6670A1D393}.Release|Any CPU.Build.0 = Release|Any CPU
	EndGlobalSection
	GlobalSection(SolutionProperties) = preSolution
		HideSolutionNode = FALSE
	EndGlobalSection
	GlobalSection(ExtensibilityGlobals) = postSolution
		SolutionGuid = {FFC46CF0-6978-4064-9D15-78D6E4720041}
	EndGlobalSection
EndGlobal
